
Microsoft Visual Studio Solution File, Format Version 12.00
# Visual Studio Version 17
VisualStudioVersion = 17.2.32630.192
MinimumVisualStudioVersion = 10.0.40219.1
Project("{9A19103F-16F7-4668-BE54-9A1E7A4F7556}") = "F10Y.L0034.Construction", "F10Y.L0034.Construction\F10Y.L0034.Construction.csproj", "{08B6C3FD-C5B6-4050-9316-AF23C7C25487}"
EndProject
Project("{9A19103F-16F7-4668-BE54-9A1E7A4F7556}") = "F10Y.L0034", "F10Y.L0034\F10Y.L0034.csproj", "{1584FE8A-45D4-4F68-A460-B982A92868E0}"
EndProject
Project("{2150E333-8FDC-42A3-9474-1A3956D46DE8}") = "_Dependencies", "_Dependencies", "{A29B3AE8-358D-49A7-A62C-1ED1F94CB126}"
EndProject
Project("{9A19103F-16F7-4668-BE54-9A1E7A4F7556}") = "F10Y.L0000", "..\..\F10Y.L0000\source\F10Y.L0000\F10Y.L0000.csproj", "{C17BD076-4DF9-4138-8443-4DF658D2D88B}"
EndProject
Project("{9A19103F-16F7-4668-BE54-9A1E7A4F7556}") = "F10Y.T0000", "..\..\F10Y.T0000\source\F10Y.T0000\F10Y.T0000.csproj", "{47B159DA-E15C-44A4-A39A-5EBF65D4421F}"
EndProject
Project("{9A19103F-16F7-4668-BE54-9A1E7A4F7556}") = "F10Y.T0001", "..\..\F10Y.T0001\source\F10Y.T0001\F10Y.T0001.csproj", "{4350078C-687C-4F4E-A927-3A77EB6F6668}"
EndProject
Project("{9A19103F-16F7-4668-BE54-9A1E7A4F7556}") = "F10Y.T0002", "..\..\F10Y.T0002\source\F10Y.T0002\F10Y.T0002.csproj", "{E1D95475-E33B-4BAD-8713-6E64523DBA99}"
EndProject
Project("{9A19103F-16F7-4668-BE54-9A1E7A4F7556}") = "F10Y.T0003", "..\..\F10Y.T0003\source\F10Y.T0003\F10Y.T0003.csproj", "{55879D8E-EC8E-44DB-8593-3E898A82C81A}"
EndProject
Project("{9A19103F-16F7-4668-BE54-9A1E7A4F7556}") = "F10Y.T0011", "..\..\F10Y.T0011\source\F10Y.T0011\F10Y.T0011.csproj", "{A4F357F6-5FDC-4EF8-88A6-4D4FB88AF8CD}"
EndProject
Project("{9A19103F-16F7-4668-BE54-9A1E7A4F7556}") = "F10Y.Y0000", "..\..\F10Y.Y0000\source\F10Y.Y0000\F10Y.Y0000.csproj", "{D579D1B2-2861-4474-BE8F-DA23FF4A3AC1}"
EndProject
Global
	GlobalSection(NestedProjects) = preSolution
		{C17BD076-4DF9-4138-8443-4DF658D2D88B} = {A29B3AE8-358D-49A7-A62C-1ED1F94CB126}
		{47B159DA-E15C-44A4-A39A-5EBF65D4421F} = {A29B3AE8-358D-49A7-A62C-1ED1F94CB126}
		{4350078C-687C-4F4E-A927-3A77EB6F6668} = {A29B3AE8-358D-49A7-A62C-1ED1F94CB126}
		{E1D95475-E33B-4BAD-8713-6E64523DBA99} = {A29B3AE8-358D-49A7-A62C-1ED1F94CB126}
		{55879D8E-EC8E-44DB-8593-3E898A82C81A} = {A29B3AE8-358D-49A7-A62C-1ED1F94CB126}
		{A4F357F6-5FDC-4EF8-88A6-4D4FB88AF8CD} = {A29B3AE8-358D-49A7-A62C-1ED1F94CB126}
		{D579D1B2-2861-4474-BE8F-DA23FF4A3AC1} = {A29B3AE8-358D-49A7-A62C-1ED1F94CB126}
	EndGlobalSection
	GlobalSection(SolutionConfigurationPlatforms) = preSolution
		Debug|Any CPU = Debug|Any CPU
		Release|Any CPU = Release|Any CPU
	EndGlobalSection
	GlobalSection(ProjectConfigurationPlatforms) = postSolution
		{08B6C3FD-C5B6-4050-9316-AF23C7C25487}.Debug|Any CPU.ActiveCfg = Debug|Any CPU
		{08B6C3FD-C5B6-4050-9316-AF23C7C25487}.Debug|Any CPU.Build.0 = Debug|Any CPU
		{08B6C3FD-C5B6-4050-9316-AF23C7C25487}.Release|Any CPU.ActiveCfg = Release|Any CPU
		{08B6C3FD-C5B6-4050-9316-AF23C7C25487}.Release|Any CPU.Build.0 = Release|Any CPU
		{1584FE8A-45D4-4F68-A460-B982A92868E0}.Debug|Any CPU.ActiveCfg = Debug|Any CPU
		{1584FE8A-45D4-4F68-A460-B982A92868E0}.Debug|Any CPU.Build.0 = Debug|Any CPU
		{1584FE8A-45D4-4F68-A460-B982A92868E0}.Release|Any CPU.ActiveCfg = Release|Any CPU
		{1584FE8A-45D4-4F68-A460-B982A92868E0}.Release|Any CPU.Build.0 = Release|Any CPU
		{C17BD076-4DF9-4138-8443-4DF658D2D88B}.Debug|Any CPU.ActiveCfg = Debug|Any CPU
		{C17BD076-4DF9-4138-8443-4DF658D2D88B}.Debug|Any CPU.Build.0 = Debug|Any CPU
		{C17BD076-4DF9-4138-8443-4DF658D2D88B}.Release|Any CPU.ActiveCfg = Release|Any CPU
		{C17BD076-4DF9-4138-8443-4DF658D2D88B}.Release|Any CPU.Build.0 = Release|Any CPU
		{47B159DA-E15C-44A4-A39A-5EBF65D4421F}.Debug|Any CPU.ActiveCfg = Debug|Any CPU
		{47B159DA-E15C-44A4-A39A-5EBF65D4421F}.Debug|Any CPU.Build.0 = Debug|Any CPU
		{47B159DA-E15C-44A4-A39A-5EBF65D4421F}.Release|Any CPU.ActiveCfg = Release|Any CPU
		{47B159DA-E15C-44A4-A39A-5EBF65D4421F}.Release|Any CPU.Build.0 = Release|Any CPU
		{4350078C-687C-4F4E-A927-3A77EB6F6668}.Debug|Any CPU.ActiveCfg = Debug|Any CPU
		{4350078C-687C-4F4E-A927-3A77EB6F6668}.Debug|Any CPU.Build.0 = Debug|Any CPU
		{4350078C-687C-4F4E-A927-3A77EB6F6668}.Release|Any CPU.ActiveCfg = Release|Any CPU
		{4350078C-687C-4F4E-A927-3A77EB6F6668}.Release|Any CPU.Build.0 = Release|Any CPU
		{E1D95475-E33B-4BAD-8713-6E64523DBA99}.Debug|Any CPU.ActiveCfg = Debug|Any CPU
		{E1D95475-E33B-4BAD-8713-6E64523DBA99}.Debug|Any CPU.Build.0 = Debug|Any CPU
		{E1D95475-E33B-4BAD-8713-6E64523DBA99}.Release|Any CPU.ActiveCfg = Release|Any CPU
		{E1D95475-E33B-4BAD-8713-6E64523DBA99}.Release|Any CPU.Build.0 = Release|Any CPU
		{55879D8E-EC8E-44DB-8593-3E898A82C81A}.Debug|Any CPU.ActiveCfg = Debug|Any CPU
		{55879D8E-EC8E-44DB-8593-3E898A82C81A}.Debug|Any CPU.Build.0 = Debug|Any CPU
		{55879D8E-EC8E-44DB-8593-3E898A82C81A}.Release|Any CPU.ActiveCfg = Release|Any CPU
		{55879D8E-EC8E-44DB-8593-3E898A82C81A}.Release|Any CPU.Build.0 = Release|Any CPU
		{A4F357F6-5FDC-4EF8-88A6-4D4FB88AF8CD}.Debug|Any CPU.ActiveCfg = Debug|Any CPU
		{A4F357F6-5FDC-4EF8-88A6-4D4FB88AF8CD}.Debug|Any CPU.Build.0 = Debug|Any CPU
		{A4F357F6-5FDC-4EF8-88A6-4D4FB88AF8CD}.Release|Any CPU.ActiveCfg = Release|Any CPU
		{A4F357F6-5FDC-4EF8-88A6-4D4FB88AF8CD}.Release|Any CPU.Build.0 = Release|Any CPU
		{D579D1B2-2861-4474-BE8F-DA23FF4A3AC1}.Debug|Any CPU.ActiveCfg = Debug|Any CPU
		{D579D1B2-2861-4474-BE8F-DA23FF4A3AC1}.Debug|Any CPU.Build.0 = Debug|Any CPU
		{D579D1B2-2861-4474-BE8F-DA23FF4A3AC1}.Release|Any CPU.ActiveCfg = Release|Any CPU
		{D579D1B2-2861-4474-BE8F-DA23FF4A3AC1}.Release|Any CPU.Build.0 = Release|Any CPU
	EndGlobalSection
	GlobalSection(SolutionProperties) = preSolution
		HideSolutionNode = FALSE
	EndGlobalSection
	GlobalSection(ExtensibilityGlobals) = postSolution
		SolutionGuid = {CA37D1E9-6452-449E-8613-307405B35B76}
	EndGlobalSection
EndGlobal
